// !$*UTF8*$!
{
	archiveVersion = 1;
	classes = {
	};
	objectVersion = 50;
	objects = {

/* Begin PBXBuildFile section */
		1ED4BA6A23CC65B600DC558A /* AppDelegate.swift in Sources */ = {isa = PBXBuildFile; fileRef = 1ED4BA6923CC65B600DC558A /* AppDelegate.swift */; };
		1ED4BA6C23CC65B600DC558A /* SceneDelegate.swift in Sources */ = {isa = PBXBuildFile; fileRef = 1ED4BA6B23CC65B600DC558A /* SceneDelegate.swift */; };
		1ED4BA6E23CC65B600DC558A /* ViewController.swift in Sources */ = {isa = PBXBuildFile; fileRef = 1ED4BA6D23CC65B600DC558A /* ViewController.swift */; };
		1ED4BA7123CC65B600DC558A /* Main.storyboard in Resources */ = {isa = PBXBuildFile; fileRef = 1ED4BA6F23CC65B600DC558A /* Main.storyboard */; };
		1ED4BA7423CC65B600DC558A /* QKEE.xcdatamodeld in Sources */ = {isa = PBXBuildFile; fileRef = 1ED4BA7223CC65B600DC558A /* QKEE.xcdatamodeld */; };
		1ED4BA7623CC65B800DC558A /* Assets.xcassets in Resources */ = {isa = PBXBuildFile; fileRef = 1ED4BA7523CC65B800DC558A /* Assets.xcassets */; };
		1ED4BA7923CC65B800DC558A /* LaunchScreen.storyboard in Resources */ = {isa = PBXBuildFile; fileRef = 1ED4BA7723CC65B800DC558A /* LaunchScreen.storyboard */; };
/* End PBXBuildFile section */

/* Begin PBXFileReference section */
		1ED4BA6623CC65B600DC558A /* QKEE.app */ = {isa = PBXFileReference; explicitFileType = wrapper.application; includeInIndex = 0; path = QKEE.app; sourceTree = BUILT_PRODUCTS_DIR; };
		1ED4BA6923CC65B600DC558A /* AppDelegate.swift */ = {isa = PBXFileReference; lastKnownFileType = sourcecode.swift; path = AppDelegate.swift; sourceTree = "<group>"; };
		1ED4BA6B23CC65B600DC558A /* SceneDelegate.swift */ = {isa = PBXFileReference; lastKnownFileType = sourcecode.swift; path = SceneDelegate.swift; sourceTree = "<group>"; };
		1ED4BA6D23CC65B600DC558A /* ViewController.swift */ = {isa = PBXFileReference; lastKnownFileType = sourcecode.swift; path = ViewController.swift; sourceTree = "<group>"; };
		1ED4BA7023CC65B600DC558A /* Base */ = {isa = PBXFileReference; lastKnownFileType = file.storyboard; name = Base; path = Base.lproj/Main.storyboard; sourceTree = "<group>"; };
		1ED4BA7323CC65B600DC558A /* QKEE.xcdatamodel */ = {isa = PBXFileReference; lastKnownFileType = wrapper.xcdatamodel; path = QKEE.xcdatamodel; sourceTree = "<group>"; };
		1ED4BA7523CC65B800DC558A /* Assets.xcassets */ = {isa = PBXFileReference; lastKnownFileType = folder.assetcatalog; path = Assets.xcassets; sourceTree = "<group>"; };
		1ED4BA7823CC65B800DC558A /* Base */ = {isa = PBXFileReference; lastKnownFileType = file.storyboard; name = Base; path = Base.lproj/LaunchScreen.storyboard; sourceTree = "<group>"; };
		1ED4BA7A23CC65B800DC558A /* Info.plist */ = {isa = PBXFileReference; lastKnownFileType = text.plist.xml; path = Info.plist; sourceTree = "<group>"; };
/* End PBXFileReference section */

/* Begin PBXFrameworksBuildPhase section */
		1ED4BA6323CC65B600DC558A /* Frameworks */ = {
			isa = PBXFrameworksBuildPhase;
			buildActionMask = 2147483647;
			files = (
			);
			runOnlyForDeploymentPostprocessing = 0;
		};
/* End PBXFrameworksBuildPhase section */

/* Begin PBXGroup section */
		1ED4BA5D23CC65B600DC558A = {
			isa = PBXGroup;
			children = (
				1ED4BA6823CC65B600DC558A /* QKEE */,
				1ED4BA6723CC65B600DC558A /* Products */,
			);
			sourceTree = "<group>";
		};
		1ED4BA6723CC65B600DC558A /* Products */ = {
			isa = PBXGroup;
			children = (
				1ED4BA6623CC65B600DC558A /* QKEE.app */,
			);
			name = Products;
			sourceTree = "<group>";
		};
		1ED4BA6823CC65B600DC558A /* QKEE */ = {
			isa = PBXGroup;
			children = (
				1ED4BA6923CC65B600DC558A /* AppDelegate.swift */,
				1ED4BA6B23CC65B600DC558A /* SceneDelegate.swift */,
				1ED4BA6D23CC65B600DC558A /* ViewController.swift */,
				1ED4BA6F23CC65B600DC558A /* Main.storyboard */,
				1ED4BA7523CC65B800DC558A /* Assets.xcassets */,
				1ED4BA7723CC65B800DC558A /* LaunchScreen.storyboard */,
				1ED4BA7A23CC65B800DC558A /* Info.plist */,
				1ED4BA7223CC65B600DC558A /* QKEE.xcdatamodeld */,
			);
			path = QKEE;
			sourceTree = "<group>";
		};
/* End PBXGroup section */

/* Begin PBXNativeTarget section */
		1ED4BA6523CC65B600DC558A /* QKEE */ = {
			isa = PBXNativeTarget;
			buildConfigurationList = 1ED4BA7D23CC65B800DC558A /* Build configuration list for PBXNativeTarget "QKEE" */;
			buildPhases = (
				1ED4BA6223CC65B600DC558A /* Sources */,
				1ED4BA6323CC65B600DC558A /* Frameworks */,
				1ED4BA6423CC65B600DC558A /* Resources */,
			);
			buildRules = (
			);
			dependencies = (
			);
			name = QKEE;
			productName = QKEE;
			productReference = 1ED4BA6623CC65B600DC558A /* QKEE.app */;
			productType = "com.apple.product-type.application";
		};
/* End PBXNativeTarget section */

/* Begin PBXProject section */
		1ED4BA5E23CC65B600DC558A /* Project object */ = {
			isa = PBXProject;
			attributes = {
				LastSwiftUpdateCheck = 1100;
				LastUpgradeCheck = 1100;
				ORGANIZATIONNAME = Rooney;
				TargetAttributes = {
					1ED4BA6523CC65B600DC558A = {
						CreatedOnToolsVersion = 11.0;
					};
				};
			};
			buildConfigurationList = 1ED4BA6123CC65B600DC558A /* Build configuration list for PBXProject "QKEE" */;
			compatibilityVersion = "Xcode 9.3";
			developmentRegion = en;
			hasScannedForEncodings = 0;
			knownRegions = (
				en,
				Base,
			);
			mainGroup = 1ED4BA5D23CC65B600DC558A;
			productRefGroup = 1ED4BA6723CC65B600DC558A /* Products */;
			projectDirPath = "";
			projectRoot = "";
			targets = (
				1ED4BA6523CC65B600DC558A /* QKEE */,
			);
		};
/* End PBXProject section */

/* Begin PBXResourcesBuildPhase section */
		1ED4BA6423CC65B600DC558A /* Resources */ = {
			isa = PBXResourcesBuildPhase;
			buildActionMask = 2147483647;
			files = (
				1ED4BA7923CC65B800DC558A /* LaunchScreen.storyboard in Resources */,
				1ED4BA7623CC65B800DC558A /* Assets.xcassets in Resources */,
				1ED4BA7123CC65B600DC558A /* Main.storyboard in Resources */,
			);
			runOnlyForDeploymentPostprocessing = 0;
		};
/* End PBXResourcesBuildPhase section */

/* Begin PBXSourcesBuildPhase section */
		1ED4BA6223CC65B600DC558A /* Sources */ = {
			isa = PBXSourcesBuildPhase;
			buildActionMask = 2147483647;
			files = (
				1ED4BA6E23CC65B600DC558A /* ViewController.swift in Sources */,
				1ED4BA6A23CC65B600DC558A /* AppDelegate.swift in Sources */,
				1ED4BA6C23CC65B600DC558A /* SceneDelegate.swift in Sources */,
				1ED4BA7423CC65B600DC558A /* QKEE.xcdatamodeld in Sources */,
			);
			runOnlyForDeploymentPostprocessing = 0;
		};
/* End PBXSourcesBuildPhase section */

/* Begin PBXVariantGroup section */
		1ED4BA6F23CC65B600DC558A /* Main.storyboard */ = {
			isa = PBXVariantGroup;
			children = (
				1ED4BA7023CC65B600DC558A /* Base */,
			);
			name = Main.storyboard;
			sourceTree = "<group>";
		};
		1ED4BA7723CC65B800DC558A /* LaunchScreen.storyboard */ = {
			isa = PBXVariantGroup;
			children = (
				1ED4BA7823CC65B800DC558A /* Base */,
			);
			name = LaunchScreen.storyboard;
			sourceTree = "<group>";
		};
/* End PBXVariantGroup section */

/* Begin XCBuildConfiguration section */
		1ED4BA7B23CC65B800DC558A /* Debug */ = {
			isa = XCBuildConfiguration;
			buildSettings = {
				ALWAYS_SEARCH_USER_PATHS = NO;
				CLANG_ANALYZER_NONNULL = YES;
				CLANG_ANALYZER_NUMBER_OBJECT_CONVERSION = YES_AGGRESSIVE;
				CLANG_CXX_LANGUAGE_STANDARD = "gnu++14";
				CLANG_CXX_LIBRARY = "libc++";
				CLANG_ENABLE_MODULES = YES;
				CLANG_ENABLE_OBJC_ARC = YES;
				CLANG_ENABLE_OBJC_WEAK = YES;
				CLANG_WARN_BLOCK_CAPTURE_AUTORELEASING = YES;
				CLANG_WARN_BOOL_CONVERSION = YES;
				CLANG_WARN_COMMA = YES;
				CLANG_WARN_CONSTANT_CONVERSION = YES;
				CLANG_WARN_DEPRECATED_OBJC_IMPLEMENTATIONS = YES;
				CLANG_WARN_DIRECT_OBJC_ISA_USAGE = YES_ERROR;
				CLANG_WARN_DOCUMENTATION_COMMENTS = YES;
				CLANG_WARN_EMPTY_BODY = YES;
				CLANG_WARN_ENUM_CONVERSION = YES;
				CLANG_WARN_INFINITE_RECURSION = YES;
				CLANG_WARN_INT_CONVERSION = YES;
				CLANG_WARN_NON_LITERAL_NULL_CONVERSION = YES;
				CLANG_WARN_OBJC_IMPLICIT_RETAIN_SELF = YES;
				CLANG_WARN_OBJC_LITERAL_CONVERSION = YES;
				CLANG_WARN_OBJC_ROOT_CLASS = YES_ERROR;
				CLANG_WARN_RANGE_LOOP_ANALYSIS = YES;
				CLANG_WARN_STRICT_PROTOTYPES = YES;
				CLANG_WARN_SUSPICIOUS_MOVE = YES;
				CLANG_WARN_UNGUARDED_AVAILABILITY = YES_AGGRESSIVE;
				CLANG_WARN_UNREACHABLE_CODE = YES;
				CLANG_WARN__DUPLICATE_METHOD_MATCH = YES;
				COPY_PHASE_STRIP = NO;
				DEBUG_INFORMATION_FORMAT = dwarf;
				ENABLE_STRICT_OBJC_MSGSEND = YES;
				ENABLE_TESTABILITY = YES;
				GCC_C_LANGUAGE_STANDARD = gnu11;
				GCC_DYNAMIC_NO_PIC = NO;
				GCC_NO_COMMON_BLOCKS = YES;
				GCC_OPTIMIZATION_LEVEL = 0;
				GCC_PREPROCESSOR_DEFINITIONS = (
					"DEBUG=1",
					"$(inherited)",
				);
				GCC_WARN_64_TO_32_BIT_CONVERSION = YES;
				GCC_WARN_ABOUT_RETURN_TYPE = YES_ERROR;
				GCC_WARN_UNDECLARED_SELECTOR = YES;
				GCC_WARN_UNINITIALIZED_AUTOS = YES_AGGRESSIVE;
				GCC_WARN_UNUSED_FUNCTION = YES;
				GCC_WARN_UNUSED_VARIABLE = YES;
				IPHONEOS_DEPLOYMENT_TARGET = 13.0;
				MTL_ENABLE_DEBUG_INFO = INCLUDE_SOURCE;
				MTL_FAST_MATH = YES;
				ONLY_ACTIVE_ARCH = YES;
				SDKROOT = iphoneos;
				SWIFT_ACTIVE_COMPILATION_CONDITIONS = DEBUG;
				SWIFT_OPTIMIZATION_LEVEL = "-Onone";
			};
			name = Debug;
		};
		1ED4BA7C23CC65B800DC558A /* Release */ = {
			isa = XCBuildConfiguration;
			buildSettings = {
				ALWAYS_SEARCH_USER_PATHS = NO;
				CLANG_ANALYZER_NONNULL = YES;
				CLANG_ANALYZER_NUMBER_OBJECT_CONVERSION = YES_AGGRESSIVE;
				CLANG_CXX_LANGUAGE_STANDARD = "gnu++14";
				CLANG_CXX_LIBRARY = "libc++";
				CLANG_ENABLE_MODULES = YES;
				CLANG_ENABLE_OBJC_ARC = YES;
				CLANG_ENABLE_OBJC_WEAK = YES;
				CLANG_WARN_BLOCK_CAPTURE_AUTORELEASING = YES;
				CLANG_WARN_BOOL_CONVERSION = YES;
				CLANG_WARN_COMMA = YES;
				CLANG_WARN_CONSTANT_CONVERSION = YES;
				CLANG_WARN_DEPRECATED_OBJC_IMPLEMENTATIONS = YES;
				CLANG_WARN_DIRECT_OBJC_ISA_USAGE = YES_ERROR;
				CLANG_WARN_DOCUMENTATION_COMMENTS = YES;
				CLANG_WARN_EMPTY_BODY = YES;
				CLANG_WARN_ENUM_CONVERSION = YES;
				CLANG_WARN_INFINITE_RECURSION = YES;
				CLANG_WARN_INT_CONVERSION = YES;
				CLANG_WARN_NON_LITERAL_NULL_CONVERSION = YES;
				CLANG_WARN_OBJC_IMPLICIT_RETAIN_SELF = YES;
				CLANG_WARN_OBJC_LITERAL_CONVERSION = YES;
				CLANG_WARN_OBJC_ROOT_CLASS = YES_ERROR;
				CLANG_WARN_RANGE_LOOP_ANALYSIS = YES;
				CLANG_WARN_STRICT_PROTOTYPES = YES;
				CLANG_WARN_SUSPICIOUS_MOVE = YES;
				CLANG_WARN_UNGUARDED_AVAILABILITY = YES_AGGRESSIVE;
				CLANG_WARN_UNREACHABLE_CODE = YES;
				CLANG_WARN__DUPLICATE_METHOD_MATCH = YES;
				COPY_PHASE_STRIP = NO;
				DEBUG_INFORMATION_FORMAT = "dwarf-with-dsym";
				ENABLE_NS_ASSERTIONS = NO;
				ENABLE_STRICT_OBJC_MSGSEND = YES;
				GCC_C_LANGUAGE_STANDARD = gnu11;
				GCC_NO_COMMON_BLOCKS = YES;
				GCC_WARN_64_TO_32_BIT_CONVERSION = YES;
				GCC_WARN_ABOUT_RETURN_TYPE = YES_ERROR;
				GCC_WARN_UNDECLARED_SELECTOR = YES;
				GCC_WARN_UNINITIALIZED_AUTOS = YES_AGGRESSIVE;
				GCC_WARN_UNUSED_FUNCTION = YES;
				GCC_WARN_UNUSED_VARIABLE = YES;
				IPHONEOS_DEPLOYMENT_TARGET = 13.0;
				MTL_ENABLE_DEBUG_INFO = NO;
				MTL_FAST_MATH = YES;
				SDKROOT = iphoneos;
				SWIFT_COMPILATION_MODE = wholemodule;
				SWIFT_OPTIMIZATION_LEVEL = "-O";
				VALIDATE_PRODUCT = YES;
			};
			name = Release;
		};
		1ED4BA7E23CC65B800DC558A /* Debug */ = {
			isa = XCBuildConfiguration;
			buildSettings = {
				ASSETCATALOG_COMPILER_APPICON_NAME = AppIcon;
				CODE_SIGN_STYLE = Automatic;
				DEVELOPMENT_TEAM = NJ364883D2;
				INFOPLIST_FILE = QKEE/Info.plist;
				LD_RUNPATH_SEARCH_PATHS = (
					"$(inherited)",
					"@executable_path/Frameworks",
				);
				PRODUCT_BUNDLE_IDENTIFIER = com.apps.QKEE;
				PRODUCT_NAME = "$(TARGET_NAME)";
				SWIFT_VERSION = 5.0;
				TARGETED_DEVICE_FAMILY = 1;
			};
			name = Debug;
		};
		1ED4BA7F23CC65B800DC558A /* Release */ = {
			isa = XCBuildConfiguration;
			buildSettings = {
				ASSETCATALOG_COMPILER_APPICON_NAME = AppIcon;
				CODE_SIGN_STYLE = Automatic;
				DEVELOPMENT_TEAM = NJ364883D2;
				INFOPLIST_FILE = QKEE/Info.plist;
				LD_RUNPATH_SEARCH_PATHS = (
					"$(inherited)",
					"@executable_path/Frameworks",
				);
				PRODUCT_BUNDLE_IDENTIFIER = com.apps.QKEE;
				PRODUCT_NAME = "$(TARGET_NAME)";
				SWIFT_VERSION = 5.0;
				TARGETED_DEVICE_FAMILY = 1;
			};
			name = Release;
		};
/* End XCBuildConfiguration section */

/* Begin XCConfigurationList section */
		1ED4BA6123CC65B600DC558A /* Build configuration list for PBXProject "QKEE" */ = {
			isa = XCConfigurationList;
			buildConfigurations = (
				1ED4BA7B23CC65B800DC558A /* Debug */,
				1ED4BA7C23CC65B800DC558A /* Release */,
			);
			defaultConfigurationIsVisible = 0;
			defaultConfigurationName = Release;
		};
		1ED4BA7D23CC65B800DC558A /* Build configuration list for PBXNativeTarget "QKEE" */ = {
			isa = XCConfigurationList;
			buildConfigurations = (
				1ED4BA7E23CC65B800DC558A /* Debug */,
				1ED4BA7F23CC65B800DC558A /* Release */,
			);
			defaultConfigurationIsVisible = 0;
			defaultConfigurationName = Release;
		};
/* End XCConfigurationList section */

/* Begin XCVersionGroup section */
		1ED4BA7223CC65B600DC558A /* QKEE.xcdatamodeld */ = {
			isa = XCVersionGroup;
			children = (
				1ED4BA7323CC65B600DC558A /* QKEE.xcdatamodel */,
			);
			currentVersion = 1ED4BA7323CC65B600DC558A /* QKEE.xcdatamodel */;
			path = QKEE.xcdatamodeld;
			sourceTree = "<group>";
			versionGroupType = wrapper.xcdatamodel;
		};
/* End XCVersionGroup section */
	};
	rootObject = 1ED4BA5E23CC65B600DC558A /* Project object */;
}
